
Microsoft Visual Studio Solution File, Format Version 12.00
# Visual Studio 15
VisualStudioVersion = 15.0.26403.7
MinimumVisualStudioVersion = 10.0.40219.1
Project("{FAE04EC0-301F-11D3-BF4B-00C04F79EFBC}") = "LCMSFeatureFinder", "LCMSFeatureFinder\LCMSFeatureFinder.csproj", "{10BEAFB3-13F8-48F8-9672-EBEA983A8474}"
EndProject
Project("{FAE04EC0-301F-11D3-BF4B-00C04F79EFBC}") = "FeatureFinder", "FeatureFinder\FeatureFinder.csproj", "{BF0D4C3C-8B59-4009-AAE3-9997C1DD7F4E}"
EndProject
Project("{FAE04EC0-301F-11D3-BF4B-00C04F79EFBC}") = "Test", "Test\Test.csproj", "{2EF309B8-149C-4086-8AB1-BA5259550D83}"
EndProject
Project("{FAE04EC0-301F-11D3-BF4B-00C04F79EFBC}") = "FeatureFinder.FunctionalTests", "FeatureFinder.FunctionalTests\FeatureFinder.FunctionalTests.csproj", "{FECEDD16-3C3E-48E7-BE70-8789D1E20E7A}"
EndProject
Global
	GlobalSection(SolutionConfigurationPlatforms) = preSolution
		Debug|Any CPU = Debug|Any CPU
		Release|Any CPU = Release|Any CPU
	EndGlobalSection
	GlobalSection(ProjectConfigurationPlatforms) = postSolution
		{10BEAFB3-13F8-48F8-9672-EBEA983A8474}.Debug|Any CPU.ActiveCfg = Debug|Any CPU
		{10BEAFB3-13F8-48F8-9672-EBEA983A8474}.Debug|Any CPU.Build.0 = Debug|Any CPU
		{10BEAFB3-13F8-48F8-9672-EBEA983A8474}.Release|Any CPU.ActiveCfg = Release|Any CPU
		{10BEAFB3-13F8-48F8-9672-EBEA983A8474}.Release|Any CPU.Build.0 = Release|Any CPU
		{BF0D4C3C-8B59-4009-AAE3-9997C1DD7F4E}.Debug|Any CPU.ActiveCfg = Debug|Any CPU
		{BF0D4C3C-8B59-4009-AAE3-9997C1DD7F4E}.Debug|Any CPU.Build.0 = Debug|Any CPU
		{BF0D4C3C-8B59-4009-AAE3-9997C1DD7F4E}.Release|Any CPU.ActiveCfg = Release|Any CPU
		{BF0D4C3C-8B59-4009-AAE3-9997C1DD7F4E}.Release|Any CPU.Build.0 = Release|Any CPU
		{2EF309B8-149C-4086-8AB1-BA5259550D83}.Debug|Any CPU.ActiveCfg = Debug|Any CPU
		{2EF309B8-149C-4086-8AB1-BA5259550D83}.Debug|Any CPU.Build.0 = Debug|Any CPU
		{2EF309B8-149C-4086-8AB1-BA5259550D83}.Release|Any CPU.ActiveCfg = Release|Any CPU
		{2EF309B8-149C-4086-8AB1-BA5259550D83}.Release|Any CPU.Build.0 = Release|Any CPU
		{FECEDD16-3C3E-48E7-BE70-8789D1E20E7A}.Debug|Any CPU.ActiveCfg = Debug|Any CPU
		{FECEDD16-3C3E-48E7-BE70-8789D1E20E7A}.Debug|Any CPU.Build.0 = Debug|Any CPU
		{FECEDD16-3C3E-48E7-BE70-8789D1E20E7A}.Release|Any CPU.ActiveCfg = Release|Any CPU
		{FECEDD16-3C3E-48E7-BE70-8789D1E20E7A}.Release|Any CPU.Build.0 = Release|Any CPU
	EndGlobalSection
	GlobalSection(SolutionProperties) = preSolution
		HideSolutionNode = FALSE
	EndGlobalSection
EndGlobal
